<Solution>
	<Folder Name="/.root/">
		<File Path=".dockerignore" />
		<File Path=".editorconfig" />
		<File Path=".gitignore" />
		<File Path="Dockerfile" />
		<File Path="LICENSE" />
		<File Path="README.md" />
	</Folder>
	<Folder Name="/.root/.github/" />
	<Folder Name="/.root/.github/workflows/">
		<File Path=".github\workflows\docker-image.yml" />
		<File Path=".github\workflows\update-version.yml" />
		<File Path=".github\workflows\validate-labels.yml" />
	</Folder>
	<Project Path="src/Client/MagicMatchTracker.Client.csproj" />
	<Project Path="src/Server/MagicMatchTracker.Server.csproj" />
	<Project Path="src/Shared/MagicMatchTracker.Shared.csproj" />
	<Project Path="src/WebApp/MagicMatchTracker.csproj" />
</Solution>