<Solution>
	<Folder Name="/.root/">
		<File Path=".dockerignore" />
		<File Path=".editorconfig" />
		<File Path=".gitignore" />
		<File Path="Dockerfile" />
		<File Path="LICENSE" />
		<File Path="README.md" />
	</Folder>
	<Folder Name="/.root/.github/workflows/">
		<File Path=".github\workflows\docker-image.yml" />
	</Folder>
	<Project Path="src/MagicMatchTracker.csproj" />
</Solution>